
Microsoft Visual Studio Solution File, Format Version 12.00
# Visual Studio 14
VisualStudioVersion = 14.0.25420.1
MinimumVisualStudioVersion = 10.0.40219.1
Project("{FAE04EC0-301F-11D3-BF4B-00C04F79EFBC}") = "Risk", "Risk.csproj", "{03548D61-36FA-4F0D-8E74-B351FBABA23F}"
EndProject
Project("{FAE04EC0-301F-11D3-BF4B-00C04F79EFBC}") = "RiskModel", "..\RiskModel\RiskModel.csproj", "{D6D0C096-EFE2-43A5-A8BE-9098DBF7E792}"
EndProject
Project("{FAE04EC0-301F-11D3-BF4B-00C04F79EFBC}") = "RiskViewModel", "..\RiskViewModel\RiskViewModel.csproj", "{706E3896-DB57-494A-AF7F-A2D6C3E3898E}"
EndProject
Project("{FAE04EC0-301F-11D3-BF4B-00C04F79EFBC}") = "RiskNetworking", "..\RiskServer\RiskNetworking.csproj", "{837679E1-0DF3-4C20-983A-346DE5233715}"
EndProject
Project("{FAE04EC0-301F-11D3-BF4B-00C04F79EFBC}") = "ServerTest", "..\ServerTest\ServerTest.csproj", "{9321DAAA-1FD7-47E2-ACD1-30A1341B1117}"
EndProject
Project("{FAE04EC0-301F-11D3-BF4B-00C04F79EFBC}") = "ClientTest", "..\ClientTest\ClientTest.csproj", "{6ABD0661-CC87-4C7C-B9AB-9F0C3A4BAC9E}"
EndProject
Global
	GlobalSection(SolutionConfigurationPlatforms) = preSolution
		Debug|Any CPU = Debug|Any CPU
		Release|Any CPU = Release|Any CPU
	EndGlobalSection
	GlobalSection(ProjectConfigurationPlatforms) = postSolution
		{03548D61-36FA-4F0D-8E74-B351FBABA23F}.Debug|Any CPU.ActiveCfg = Debug|Any CPU
		{03548D61-36FA-4F0D-8E74-B351FBABA23F}.Debug|Any CPU.Build.0 = Debug|Any CPU
		{03548D61-36FA-4F0D-8E74-B351FBABA23F}.Release|Any CPU.ActiveCfg = Release|Any CPU
		{03548D61-36FA-4F0D-8E74-B351FBABA23F}.Release|Any CPU.Build.0 = Release|Any CPU
		{D6D0C096-EFE2-43A5-A8BE-9098DBF7E792}.Debug|Any CPU.ActiveCfg = Debug|Any CPU
		{D6D0C096-EFE2-43A5-A8BE-9098DBF7E792}.Debug|Any CPU.Build.0 = Debug|Any CPU
		{D6D0C096-EFE2-43A5-A8BE-9098DBF7E792}.Release|Any CPU.ActiveCfg = Release|Any CPU
		{D6D0C096-EFE2-43A5-A8BE-9098DBF7E792}.Release|Any CPU.Build.0 = Release|Any CPU
		{706E3896-DB57-494A-AF7F-A2D6C3E3898E}.Debug|Any CPU.ActiveCfg = Debug|Any CPU
		{706E3896-DB57-494A-AF7F-A2D6C3E3898E}.Debug|Any CPU.Build.0 = Debug|Any CPU
		{706E3896-DB57-494A-AF7F-A2D6C3E3898E}.Release|Any CPU.ActiveCfg = Release|Any CPU
		{706E3896-DB57-494A-AF7F-A2D6C3E3898E}.Release|Any CPU.Build.0 = Release|Any CPU
		{837679E1-0DF3-4C20-983A-346DE5233715}.Debug|Any CPU.ActiveCfg = Debug|Any CPU
		{837679E1-0DF3-4C20-983A-346DE5233715}.Debug|Any CPU.Build.0 = Debug|Any CPU
		{837679E1-0DF3-4C20-983A-346DE5233715}.Release|Any CPU.ActiveCfg = Release|Any CPU
		{837679E1-0DF3-4C20-983A-346DE5233715}.Release|Any CPU.Build.0 = Release|Any CPU
		{9321DAAA-1FD7-47E2-ACD1-30A1341B1117}.Debug|Any CPU.ActiveCfg = Debug|Any CPU
		{9321DAAA-1FD7-47E2-ACD1-30A1341B1117}.Debug|Any CPU.Build.0 = Debug|Any CPU
		{9321DAAA-1FD7-47E2-ACD1-30A1341B1117}.Release|Any CPU.ActiveCfg = Release|Any CPU
		{9321DAAA-1FD7-47E2-ACD1-30A1341B1117}.Release|Any CPU.Build.0 = Release|Any CPU
		{6ABD0661-CC87-4C7C-B9AB-9F0C3A4BAC9E}.Debug|Any CPU.ActiveCfg = Debug|Any CPU
		{6ABD0661-CC87-4C7C-B9AB-9F0C3A4BAC9E}.Debug|Any CPU.Build.0 = Debug|Any CPU
		{6ABD0661-CC87-4C7C-B9AB-9F0C3A4BAC9E}.Release|Any CPU.ActiveCfg = Release|Any CPU
		{6ABD0661-CC87-4C7C-B9AB-9F0C3A4BAC9E}.Release|Any CPU.Build.0 = Release|Any CPU
	EndGlobalSection
	GlobalSection(SolutionProperties) = preSolution
		HideSolutionNode = FALSE
	EndGlobalSection
EndGlobal
